
Microsoft Visual Studio Solution File, Format Version 12.00
# Visual Studio Version 16
VisualStudioVersion = 16.0.31129.286
MinimumVisualStudioVersion = 10.0.40219.1
Project("{FAE04EC0-301F-11D3-BF4B-00C04F79EFBC}") = "MvcMovie", "MvcMovie.csproj", "{A3BD1529-1803-4B95-BEB7-E705923C9445}"
EndProject
Global
	GlobalSection(SolutionConfigurationPlatforms) = preSolution
		Debug|Any CPU = Debug|Any CPU
		Release|Any CPU = Release|Any CPU
	EndGlobalSection
	GlobalSection(ProjectConfigurationPlatforms) = postSolution
		{A3BD1529-1803-4B95-BEB7-E705923C9445}.Debug|Any CPU.ActiveCfg = Debug|Any CPU
		{A3BD1529-1803-4B95-BEB7-E705923C9445}.Debug|Any CPU.Build.0 = Debug|Any CPU
		{A3BD1529-1803-4B95-BEB7-E705923C9445}.Release|Any CPU.ActiveCfg = Release|Any CPU
		{A3BD1529-1803-4B95-BEB7-E705923C9445}.Release|Any CPU.Build.0 = Release|Any CPU
	EndGlobalSection
	GlobalSection(SolutionProperties) = preSolution
		HideSolutionNode = FALSE
	EndGlobalSection
	GlobalSection(ExtensibilityGlobals) = postSolution
		SolutionGuid = {82A8F179-DF9A-403D-A00E-60F9D3412D82}
	EndGlobalSection
EndGlobal
